// !$*UTF8*$!
{
	archiveVersion = 1;
	classes = {
	};
	objectVersion = 55;
	objects = {

/* Begin PBXBuildFile section */
		E45FA48E28B4ED5000D4CA63 /* AppDelegate.swift in Sources */ = {isa = PBXBuildFile; fileRef = E45FA48D28B4ED5000D4CA63 /* AppDelegate.swift */; };
		E45FA49028B4ED5000D4CA63 /* SceneDelegate.swift in Sources */ = {isa = PBXBuildFile; fileRef = E45FA48F28B4ED5000D4CA63 /* SceneDelegate.swift */; };
		E45FA49228B4ED5000D4CA63 /* LoginViewController.swift in Sources */ = {isa = PBXBuildFile; fileRef = E45FA49128B4ED5000D4CA63 /* LoginViewController.swift */; };
		E45FA49528B4ED5000D4CA63 /* Main.storyboard in Resources */ = {isa = PBXBuildFile; fileRef = E45FA49328B4ED5000D4CA63 /* Main.storyboard */; };
		E45FA49728B4ED5000D4CA63 /* Assets.xcassets in Resources */ = {isa = PBXBuildFile; fileRef = E45FA49628B4ED5000D4CA63 /* Assets.xcassets */; };
		E45FA49A28B4ED5000D4CA63 /* LaunchScreen.storyboard in Resources */ = {isa = PBXBuildFile; fileRef = E45FA49828B4ED5000D4CA63 /* LaunchScreen.storyboard */; };
		E45FA4A228B502E500D4CA63 /* ConnexionViewController.swift in Sources */ = {isa = PBXBuildFile; fileRef = E45FA4A128B502E500D4CA63 /* ConnexionViewController.swift */; };
		E45FA4A428B5120400D4CA63 /* TabBarControllerViewController.swift in Sources */ = {isa = PBXBuildFile; fileRef = E45FA4A328B5120400D4CA63 /* TabBarControllerViewController.swift */; };
		E45FA4A628B5123C00D4CA63 /* PokemonNavigationController.swift in Sources */ = {isa = PBXBuildFile; fileRef = E45FA4A528B5123C00D4CA63 /* PokemonNavigationController.swift */; };
		E45FA4A828B513BB00D4CA63 /* PokemonViewController.swift in Sources */ = {isa = PBXBuildFile; fileRef = E45FA4A728B513BB00D4CA63 /* PokemonViewController.swift */; };
		E45FA4AC28B5185300D4CA63 /* PickerViewController.swift in Sources */ = {isa = PBXBuildFile; fileRef = E45FA4AB28B5185300D4CA63 /* PickerViewController.swift */; };
		E45FA4AE28B5187E00D4CA63 /* PickerNavigationController.swift in Sources */ = {isa = PBXBuildFile; fileRef = E45FA4AD28B5187E00D4CA63 /* PickerNavigationController.swift */; };
		E45FA4B128B51A9C00D4CA63 /* PokemonCell.swift in Sources */ = {isa = PBXBuildFile; fileRef = E45FA4AF28B51A9C00D4CA63 /* PokemonCell.swift */; };
		E45FA4B228B51A9C00D4CA63 /* PokemonCell.xib in Resources */ = {isa = PBXBuildFile; fileRef = E45FA4B028B51A9C00D4CA63 /* PokemonCell.xib */; };
		E45FA4B428B51C3D00D4CA63 /* Pokemon.swift in Sources */ = {isa = PBXBuildFile; fileRef = E45FA4B328B51C3D00D4CA63 /* Pokemon.swift */; };
		E479DEE128B5FFCF00F795B9 /* DetailsViewController.swift in Sources */ = {isa = PBXBuildFile; fileRef = E479DEE028B5FFCF00F795B9 /* DetailsViewController.swift */; };
		E479DEE428B60ADF00F795B9 /* Localizable.strings in Resources */ = {isa = PBXBuildFile; fileRef = E479DEE628B60ADF00F795B9 /* Localizable.strings */; };
/* End PBXBuildFile section */

/* Begin PBXFileReference section */
		E45FA48A28B4ED5000D4CA63 /* EVIOS2.app */ = {isa = PBXFileReference; explicitFileType = wrapper.application; includeInIndex = 0; path = EVIOS2.app; sourceTree = BUILT_PRODUCTS_DIR; };
		E45FA48D28B4ED5000D4CA63 /* AppDelegate.swift */ = {isa = PBXFileReference; lastKnownFileType = sourcecode.swift; path = AppDelegate.swift; sourceTree = "<group>"; };
		E45FA48F28B4ED5000D4CA63 /* SceneDelegate.swift */ = {isa = PBXFileReference; lastKnownFileType = sourcecode.swift; path = SceneDelegate.swift; sourceTree = "<group>"; };
		E45FA49128B4ED5000D4CA63 /* LoginViewController.swift */ = {isa = PBXFileReference; lastKnownFileType = sourcecode.swift; path = LoginViewController.swift; sourceTree = "<group>"; };
		E45FA49428B4ED5000D4CA63 /* Base */ = {isa = PBXFileReference; lastKnownFileType = file.storyboard; name = Base; path = Base.lproj/Main.storyboard; sourceTree = "<group>"; };
		E45FA49628B4ED5000D4CA63 /* Assets.xcassets */ = {isa = PBXFileReference; lastKnownFileType = folder.assetcatalog; path = Assets.xcassets; sourceTree = "<group>"; };
		E45FA49928B4ED5000D4CA63 /* Base */ = {isa = PBXFileReference; lastKnownFileType = file.storyboard; name = Base; path = Base.lproj/LaunchScreen.storyboard; sourceTree = "<group>"; };
		E45FA49B28B4ED5000D4CA63 /* Info.plist */ = {isa = PBXFileReference; lastKnownFileType = text.plist.xml; path = Info.plist; sourceTree = "<group>"; };
		E45FA4A128B502E500D4CA63 /* ConnexionViewController.swift */ = {isa = PBXFileReference; lastKnownFileType = sourcecode.swift; path = ConnexionViewController.swift; sourceTree = "<group>"; };
		E45FA4A328B5120400D4CA63 /* TabBarControllerViewController.swift */ = {isa = PBXFileReference; lastKnownFileType = sourcecode.swift; path = TabBarControllerViewController.swift; sourceTree = "<group>"; };
		E45FA4A528B5123C00D4CA63 /* PokemonNavigationController.swift */ = {isa = PBXFileReference; lastKnownFileType = sourcecode.swift; path = PokemonNavigationController.swift; sourceTree = "<group>"; };
		E45FA4A728B513BB00D4CA63 /* PokemonViewController.swift */ = {isa = PBXFileReference; lastKnownFileType = sourcecode.swift; path = PokemonViewController.swift; sourceTree = "<group>"; };
		E45FA4AB28B5185300D4CA63 /* PickerViewController.swift */ = {isa = PBXFileReference; lastKnownFileType = sourcecode.swift; path = PickerViewController.swift; sourceTree = "<group>"; };
		E45FA4AD28B5187E00D4CA63 /* PickerNavigationController.swift */ = {isa = PBXFileReference; lastKnownFileType = sourcecode.swift; path = PickerNavigationController.swift; sourceTree = "<group>"; };
		E45FA4AF28B51A9C00D4CA63 /* PokemonCell.swift */ = {isa = PBXFileReference; lastKnownFileType = sourcecode.swift; path = PokemonCell.swift; sourceTree = "<group>"; };
		E45FA4B028B51A9C00D4CA63 /* PokemonCell.xib */ = {isa = PBXFileReference; lastKnownFileType = file.xib; path = PokemonCell.xib; sourceTree = "<group>"; };
		E45FA4B328B51C3D00D4CA63 /* Pokemon.swift */ = {isa = PBXFileReference; lastKnownFileType = sourcecode.swift; path = Pokemon.swift; sourceTree = "<group>"; };
		E479DEE028B5FFCF00F795B9 /* DetailsViewController.swift */ = {isa = PBXFileReference; lastKnownFileType = sourcecode.swift; path = DetailsViewController.swift; sourceTree = "<group>"; };
		E479DEE528B60ADF00F795B9 /* en */ = {isa = PBXFileReference; lastKnownFileType = text.plist.strings; name = en; path = en.lproj/Localizable.strings; sourceTree = "<group>"; };
		E479DEE728B60B0400F795B9 /* fr */ = {isa = PBXFileReference; lastKnownFileType = text.plist.strings; name = fr; path = fr.lproj/Localizable.strings; sourceTree = "<group>"; };
/* End PBXFileReference section */

/* Begin PBXFrameworksBuildPhase section */
		E45FA48728B4ED5000D4CA63 /* Frameworks */ = {
			isa = PBXFrameworksBuildPhase;
			buildActionMask = 2147483647;
			files = (
			);
			runOnlyForDeploymentPostprocessing = 0;
		};
/* End PBXFrameworksBuildPhase section */

/* Begin PBXGroup section */
		E45FA48128B4ED4F00D4CA63 = {
			isa = PBXGroup;
			children = (
				E45FA48C28B4ED5000D4CA63 /* EVIOS2 */,
				E45FA48B28B4ED5000D4CA63 /* Products */,
			);
			sourceTree = "<group>";
		};
		E45FA48B28B4ED5000D4CA63 /* Products */ = {
			isa = PBXGroup;
			children = (
				E45FA48A28B4ED5000D4CA63 /* EVIOS2.app */,
			);
			name = Products;
			sourceTree = "<group>";
		};
		E45FA48C28B4ED5000D4CA63 /* EVIOS2 */ = {
			isa = PBXGroup;
			children = (
				E45FA48D28B4ED5000D4CA63 /* AppDelegate.swift */,
				E45FA48F28B4ED5000D4CA63 /* SceneDelegate.swift */,
				E479DEDF28B5FF4600F795B9 /* Controllers */,
				E479DEDE28B5FF0E00F795B9 /* Views */,
				E45FA49328B4ED5000D4CA63 /* Main.storyboard */,
				E45FA49628B4ED5000D4CA63 /* Assets.xcassets */,
				E45FA49828B4ED5000D4CA63 /* LaunchScreen.storyboard */,
				E45FA49B28B4ED5000D4CA63 /* Info.plist */,
				E46A54DA28B642BA00F03CEA /* Models */,
				E479DEE628B60ADF00F795B9 /* Localizable.strings */,
			);
			path = EVIOS2;
			sourceTree = "<group>";
		};
		E46A54DA28B642BA00F03CEA /* Models */ = {
			isa = PBXGroup;
			children = (
				E45FA4B328B51C3D00D4CA63 /* Pokemon.swift */,
			);
			path = Models;
			sourceTree = "<group>";
		};
		E479DEDE28B5FF0E00F795B9 /* Views */ = {
			isa = PBXGroup;
			children = (
				E45FA4AF28B51A9C00D4CA63 /* PokemonCell.swift */,
				E45FA4B028B51A9C00D4CA63 /* PokemonCell.xib */,
			);
			path = Views;
			sourceTree = "<group>";
		};
		E479DEDF28B5FF4600F795B9 /* Controllers */ = {
			isa = PBXGroup;
			children = (
				E45FA4A728B513BB00D4CA63 /* PokemonViewController.swift */,
				E45FA4A528B5123C00D4CA63 /* PokemonNavigationController.swift */,
				E45FA4AB28B5185300D4CA63 /* PickerViewController.swift */,
				E45FA4AD28B5187E00D4CA63 /* PickerNavigationController.swift */,
				E45FA49128B4ED5000D4CA63 /* LoginViewController.swift */,
				E479DEE028B5FFCF00F795B9 /* DetailsViewController.swift */,
				E45FA4A128B502E500D4CA63 /* ConnexionViewController.swift */,
				E45FA4A328B5120400D4CA63 /* TabBarControllerViewController.swift */,
			);
			path = Controllers;
			sourceTree = "<group>";
		};
/* End PBXGroup section */

/* Begin PBXNativeTarget section */
		E45FA48928B4ED5000D4CA63 /* EVIOS2 */ = {
			isa = PBXNativeTarget;
			buildConfigurationList = E45FA49E28B4ED5000D4CA63 /* Build configuration list for PBXNativeTarget "EVIOS2" */;
			buildPhases = (
				E45FA48628B4ED5000D4CA63 /* Sources */,
				E45FA48728B4ED5000D4CA63 /* Frameworks */,
				E45FA48828B4ED5000D4CA63 /* Resources */,
			);
			buildRules = (
			);
			dependencies = (
			);
			name = EVIOS2;
			productName = EVIOS2;
			productReference = E45FA48A28B4ED5000D4CA63 /* EVIOS2.app */;
			productType = "com.apple.product-type.application";
		};
/* End PBXNativeTarget section */

/* Begin PBXProject section */
		E45FA48228B4ED4F00D4CA63 /* Project object */ = {
			isa = PBXProject;
			attributes = {
				BuildIndependentTargetsInParallel = 1;
				LastSwiftUpdateCheck = 1340;
				LastUpgradeCheck = 1340;
				ORGANIZATIONNAME = "";
				TargetAttributes = {
					E45FA48928B4ED5000D4CA63 = {
						CreatedOnToolsVersion = 13.4.1;
					};
				};
			};
			buildConfigurationList = E45FA48528B4ED4F00D4CA63 /* Build configuration list for PBXProject "EVIOS2" */;
			compatibilityVersion = "Xcode 13.0";
			developmentRegion = en;
			hasScannedForEncodings = 0;
			knownRegions = (
				en,
				Base,
				fr,
			);
			mainGroup = E45FA48128B4ED4F00D4CA63;
			productRefGroup = E45FA48B28B4ED5000D4CA63 /* Products */;
			projectDirPath = "";
			projectRoot = "";
			targets = (
				E45FA48928B4ED5000D4CA63 /* EVIOS2 */,
			);
		};
/* End PBXProject section */

/* Begin PBXResourcesBuildPhase section */
		E45FA48828B4ED5000D4CA63 /* Resources */ = {
			isa = PBXResourcesBuildPhase;
			buildActionMask = 2147483647;
			files = (
				E479DEE428B60ADF00F795B9 /* Localizable.strings in Resources */,
				E45FA49A28B4ED5000D4CA63 /* LaunchScreen.storyboard in Resources */,
				E45FA4B228B51A9C00D4CA63 /* PokemonCell.xib in Resources */,
				E45FA49728B4ED5000D4CA63 /* Assets.xcassets in Resources */,
				E45FA49528B4ED5000D4CA63 /* Main.storyboard in Resources */,
			);
			runOnlyForDeploymentPostprocessing = 0;
		};
/* End PBXResourcesBuildPhase section */

/* Begin PBXSourcesBuildPhase section */
		E45FA48628B4ED5000D4CA63 /* Sources */ = {
			isa = PBXSourcesBuildPhase;
			buildActionMask = 2147483647;
			files = (
				E45FA4A228B502E500D4CA63 /* ConnexionViewController.swift in Sources */,
				E45FA49228B4ED5000D4CA63 /* LoginViewController.swift in Sources */,
				E45FA4AC28B5185300D4CA63 /* PickerViewController.swift in Sources */,
				E45FA4AE28B5187E00D4CA63 /* PickerNavigationController.swift in Sources */,
				E45FA4A428B5120400D4CA63 /* TabBarControllerViewController.swift in Sources */,
				E45FA4B128B51A9C00D4CA63 /* PokemonCell.swift in Sources */,
				E45FA4B428B51C3D00D4CA63 /* Pokemon.swift in Sources */,
				E45FA4A828B513BB00D4CA63 /* PokemonViewController.swift in Sources */,
				E45FA48E28B4ED5000D4CA63 /* AppDelegate.swift in Sources */,
				E45FA49028B4ED5000D4CA63 /* SceneDelegate.swift in Sources */,
				E45FA4A628B5123C00D4CA63 /* PokemonNavigationController.swift in Sources */,
				E479DEE128B5FFCF00F795B9 /* DetailsViewController.swift in Sources */,
			);
			runOnlyForDeploymentPostprocessing = 0;
		};
/* End PBXSourcesBuildPhase section */

/* Begin PBXVariantGroup section */
		E45FA49328B4ED5000D4CA63 /* Main.storyboard */ = {
			isa = PBXVariantGroup;
			children = (
				E45FA49428B4ED5000D4CA63 /* Base */,
			);
			name = Main.storyboard;
			sourceTree = "<group>";
		};
		E45FA49828B4ED5000D4CA63 /* LaunchScreen.storyboard */ = {
			isa = PBXVariantGroup;
			children = (
				E45FA49928B4ED5000D4CA63 /* Base */,
			);
			name = LaunchScreen.storyboard;
			sourceTree = "<group>";
		};
		E479DEE628B60ADF00F795B9 /* Localizable.strings */ = {
			isa = PBXVariantGroup;
			children = (
				E479DEE528B60ADF00F795B9 /* en */,
				E479DEE728B60B0400F795B9 /* fr */,
			);
			name = Localizable.strings;
			sourceTree = "<group>";
		};
/* End PBXVariantGroup section */

/* Begin XCBuildConfiguration section */
		E45FA49C28B4ED5000D4CA63 /* Debug */ = {
			isa = XCBuildConfiguration;
			buildSettings = {
				ALWAYS_SEARCH_USER_PATHS = NO;
				CLANG_ANALYZER_LOCALIZABILITY_NONLOCALIZED = YES;
				CLANG_ANALYZER_NONNULL = YES;
				CLANG_ANALYZER_NUMBER_OBJECT_CONVERSION = YES_AGGRESSIVE;
				CLANG_CXX_LANGUAGE_STANDARD = "gnu++17";
				CLANG_ENABLE_MODULES = YES;
				CLANG_ENABLE_OBJC_ARC = YES;
				CLANG_ENABLE_OBJC_WEAK = YES;
				CLANG_WARN_BLOCK_CAPTURE_AUTORELEASING = YES;
				CLANG_WARN_BOOL_CONVERSION = YES;
				CLANG_WARN_COMMA = YES;
				CLANG_WARN_CONSTANT_CONVERSION = YES;
				CLANG_WARN_DEPRECATED_OBJC_IMPLEMENTATIONS = YES;
				CLANG_WARN_DIRECT_OBJC_ISA_USAGE = YES_ERROR;
				CLANG_WARN_DOCUMENTATION_COMMENTS = YES;
				CLANG_WARN_EMPTY_BODY = YES;
				CLANG_WARN_ENUM_CONVERSION = YES;
				CLANG_WARN_INFINITE_RECURSION = YES;
				CLANG_WARN_INT_CONVERSION = YES;
				CLANG_WARN_NON_LITERAL_NULL_CONVERSION = YES;
				CLANG_WARN_OBJC_IMPLICIT_RETAIN_SELF = YES;
				CLANG_WARN_OBJC_LITERAL_CONVERSION = YES;
				CLANG_WARN_OBJC_ROOT_CLASS = YES_ERROR;
				CLANG_WARN_QUOTED_INCLUDE_IN_FRAMEWORK_HEADER = YES;
				CLANG_WARN_RANGE_LOOP_ANALYSIS = YES;
				CLANG_WARN_STRICT_PROTOTYPES = YES;
				CLANG_WARN_SUSPICIOUS_MOVE = YES;
				CLANG_WARN_UNGUARDED_AVAILABILITY = YES_AGGRESSIVE;
				CLANG_WARN_UNREACHABLE_CODE = YES;
				CLANG_WARN__DUPLICATE_METHOD_MATCH = YES;
				COPY_PHASE_STRIP = NO;
				DEBUG_INFORMATION_FORMAT = dwarf;
				ENABLE_STRICT_OBJC_MSGSEND = YES;
				ENABLE_TESTABILITY = YES;
				GCC_C_LANGUAGE_STANDARD = gnu11;
				GCC_DYNAMIC_NO_PIC = NO;
				GCC_NO_COMMON_BLOCKS = YES;
				GCC_OPTIMIZATION_LEVEL = 0;
				GCC_PREPROCESSOR_DEFINITIONS = (
					"DEBUG=1",
					"$(inherited)",
				);
				GCC_WARN_64_TO_32_BIT_CONVERSION = YES;
				GCC_WARN_ABOUT_RETURN_TYPE = YES_ERROR;
				GCC_WARN_UNDECLARED_SELECTOR = YES;
				GCC_WARN_UNINITIALIZED_AUTOS = YES_AGGRESSIVE;
				GCC_WARN_UNUSED_FUNCTION = YES;
				GCC_WARN_UNUSED_VARIABLE = YES;
				IPHONEOS_DEPLOYMENT_TARGET = 15.5;
				MTL_ENABLE_DEBUG_INFO = INCLUDE_SOURCE;
				MTL_FAST_MATH = YES;
				ONLY_ACTIVE_ARCH = YES;
				SDKROOT = iphoneos;
				SWIFT_ACTIVE_COMPILATION_CONDITIONS = DEBUG;
				SWIFT_OPTIMIZATION_LEVEL = "-Onone";
			};
			name = Debug;
		};
		E45FA49D28B4ED5000D4CA63 /* Release */ = {
			isa = XCBuildConfiguration;
			buildSettings = {
				ALWAYS_SEARCH_USER_PATHS = NO;
				CLANG_ANALYZER_LOCALIZABILITY_NONLOCALIZED = YES;
				CLANG_ANALYZER_NONNULL = YES;
				CLANG_ANALYZER_NUMBER_OBJECT_CONVERSION = YES_AGGRESSIVE;
				CLANG_CXX_LANGUAGE_STANDARD = "gnu++17";
				CLANG_ENABLE_MODULES = YES;
				CLANG_ENABLE_OBJC_ARC = YES;
				CLANG_ENABLE_OBJC_WEAK = YES;
				CLANG_WARN_BLOCK_CAPTURE_AUTORELEASING = YES;
				CLANG_WARN_BOOL_CONVERSION = YES;
				CLANG_WARN_COMMA = YES;
				CLANG_WARN_CONSTANT_CONVERSION = YES;
				CLANG_WARN_DEPRECATED_OBJC_IMPLEMENTATIONS = YES;
				CLANG_WARN_DIRECT_OBJC_ISA_USAGE = YES_ERROR;
				CLANG_WARN_DOCUMENTATION_COMMENTS = YES;
				CLANG_WARN_EMPTY_BODY = YES;
				CLANG_WARN_ENUM_CONVERSION = YES;
				CLANG_WARN_INFINITE_RECURSION = YES;
				CLANG_WARN_INT_CONVERSION = YES;
				CLANG_WARN_NON_LITERAL_NULL_CONVERSION = YES;
				CLANG_WARN_OBJC_IMPLICIT_RETAIN_SELF = YES;
				CLANG_WARN_OBJC_LITERAL_CONVERSION = YES;
				CLANG_WARN_OBJC_ROOT_CLASS = YES_ERROR;
				CLANG_WARN_QUOTED_INCLUDE_IN_FRAMEWORK_HEADER = YES;
				CLANG_WARN_RANGE_LOOP_ANALYSIS = YES;
				CLANG_WARN_STRICT_PROTOTYPES = YES;
				CLANG_WARN_SUSPICIOUS_MOVE = YES;
				CLANG_WARN_UNGUARDED_AVAILABILITY = YES_AGGRESSIVE;
				CLANG_WARN_UNREACHABLE_CODE = YES;
				CLANG_WARN__DUPLICATE_METHOD_MATCH = YES;
				COPY_PHASE_STRIP = NO;
				DEBUG_INFORMATION_FORMAT = "dwarf-with-dsym";
				ENABLE_NS_ASSERTIONS = NO;
				ENABLE_STRICT_OBJC_MSGSEND = YES;
				GCC_C_LANGUAGE_STANDARD = gnu11;
				GCC_NO_COMMON_BLOCKS = YES;
				GCC_WARN_64_TO_32_BIT_CONVERSION = YES;
				GCC_WARN_ABOUT_RETURN_TYPE = YES_ERROR;
				GCC_WARN_UNDECLARED_SELECTOR = YES;
				GCC_WARN_UNINITIALIZED_AUTOS = YES_AGGRESSIVE;
				GCC_WARN_UNUSED_FUNCTION = YES;
				GCC_WARN_UNUSED_VARIABLE = YES;
				IPHONEOS_DEPLOYMENT_TARGET = 15.5;
				MTL_ENABLE_DEBUG_INFO = NO;
				MTL_FAST_MATH = YES;
				SDKROOT = iphoneos;
				SWIFT_COMPILATION_MODE = wholemodule;
				SWIFT_OPTIMIZATION_LEVEL = "-O";
				VALIDATE_PRODUCT = YES;
			};
			name = Release;
		};
		E45FA49F28B4ED5000D4CA63 /* Debug */ = {
			isa = XCBuildConfiguration;
			buildSettings = {
				ASSETCATALOG_COMPILER_APPICON_NAME = AppIcon;
				ASSETCATALOG_COMPILER_GLOBAL_ACCENT_COLOR_NAME = AccentColor;
				CODE_SIGN_STYLE = Automatic;
				CURRENT_PROJECT_VERSION = 1;
				DEVELOPMENT_TEAM = 79F4A75YY6;
				GENERATE_INFOPLIST_FILE = YES;
				INFOPLIST_FILE = EVIOS2/Info.plist;
				INFOPLIST_KEY_UIApplicationSupportsIndirectInputEvents = YES;
				INFOPLIST_KEY_UILaunchStoryboardName = LaunchScreen;
				INFOPLIST_KEY_UIMainStoryboardFile = Main;
				INFOPLIST_KEY_UISupportedInterfaceOrientations_iPad = "UIInterfaceOrientationPortrait UIInterfaceOrientationPortraitUpsideDown UIInterfaceOrientationLandscapeLeft UIInterfaceOrientationLandscapeRight";
				INFOPLIST_KEY_UISupportedInterfaceOrientations_iPhone = "UIInterfaceOrientationPortrait UIInterfaceOrientationLandscapeLeft UIInterfaceOrientationLandscapeRight";
				LD_RUNPATH_SEARCH_PATHS = (
					"$(inherited)",
					"@executable_path/Frameworks",
				);
				MARKETING_VERSION = 1.0;
				PRODUCT_BUNDLE_IDENTIFIER = com.technifutur.neoPixl;
				PRODUCT_NAME = "$(TARGET_NAME)";
				SWIFT_EMIT_LOC_STRINGS = YES;
				SWIFT_VERSION = 5.0;
				TARGETED_DEVICE_FAMILY = "1,2";
			};
			name = Debug;
		};
		E45FA4A028B4ED5000D4CA63 /* Release */ = {
			isa = XCBuildConfiguration;
			buildSettings = {
				ASSETCATALOG_COMPILER_APPICON_NAME = AppIcon;
				ASSETCATALOG_COMPILER_GLOBAL_ACCENT_COLOR_NAME = AccentColor;
				CODE_SIGN_STYLE = Automatic;
				CURRENT_PROJECT_VERSION = 1;
				DEVELOPMENT_TEAM = 79F4A75YY6;
				GENERATE_INFOPLIST_FILE = YES;
				INFOPLIST_FILE = EVIOS2/Info.plist;
				INFOPLIST_KEY_UIApplicationSupportsIndirectInputEvents = YES;
				INFOPLIST_KEY_UILaunchStoryboardName = LaunchScreen;
				INFOPLIST_KEY_UIMainStoryboardFile = Main;
				INFOPLIST_KEY_UISupportedInterfaceOrientations_iPad = "UIInterfaceOrientationPortrait UIInterfaceOrientationPortraitUpsideDown UIInterfaceOrientationLandscapeLeft UIInterfaceOrientationLandscapeRight";
				INFOPLIST_KEY_UISupportedInterfaceOrientations_iPhone = "UIInterfaceOrientationPortrait UIInterfaceOrientationLandscapeLeft UIInterfaceOrientationLandscapeRight";
				LD_RUNPATH_SEARCH_PATHS = (
					"$(inherited)",
					"@executable_path/Frameworks",
				);
				MARKETING_VERSION = 1.0;
				PRODUCT_BUNDLE_IDENTIFIER = com.technifutur.neoPixl;
				PRODUCT_NAME = "$(TARGET_NAME)";
				SWIFT_EMIT_LOC_STRINGS = YES;
				SWIFT_VERSION = 5.0;
				TARGETED_DEVICE_FAMILY = "1,2";
			};
			name = Release;
		};
/* End XCBuildConfiguration section */

/* Begin XCConfigurationList section */
		E45FA48528B4ED4F00D4CA63 /* Build configuration list for PBXProject "EVIOS2" */ = {
			isa = XCConfigurationList;
			buildConfigurations = (
				E45FA49C28B4ED5000D4CA63 /* Debug */,
				E45FA49D28B4ED5000D4CA63 /* Release */,
			);
			defaultConfigurationIsVisible = 0;
			defaultConfigurationName = Release;
		};
		E45FA49E28B4ED5000D4CA63 /* Build configuration list for PBXNativeTarget "EVIOS2" */ = {
			isa = XCConfigurationList;
			buildConfigurations = (
				E45FA49F28B4ED5000D4CA63 /* Debug */,
				E45FA4A028B4ED5000D4CA63 /* Release */,
			);
			defaultConfigurationIsVisible = 0;
			defaultConfigurationName = Release;
		};
/* End XCConfigurationList section */
	};
	rootObject = E45FA48228B4ED4F00D4CA63 /* Project object */;
}
